
Microsoft Visual Studio Solution File, Format Version 12.00
# Visual Studio Version 17
VisualStudioVersion = 17.14.36414.22 d17.14
MinimumVisualStudioVersion = 10.0.40219.1
Project("{FAE04EC0-301F-11D3-BF4B-00C04F79EFBC}") = "DataAccessLibrary", "DataAccessLibrary\DataAccessLibrary.csproj", "{A7548255-793B-4AD4-9D30-BC22ADA27F4F}"
EndProject
Global
	GlobalSection(SolutionConfigurationPlatforms) = preSolution
		Debug|Any CPU = Debug|Any CPU
		Release|Any CPU = Release|Any CPU
	EndGlobalSection
	GlobalSection(ProjectConfigurationPlatforms) = postSolution
		{A7548255-793B-4AD4-9D30-BC22ADA27F4F}.Debug|Any CPU.ActiveCfg = Debug|Any CPU
		{A7548255-793B-4AD4-9D30-BC22ADA27F4F}.Debug|Any CPU.Build.0 = Debug|Any CPU
		{A7548255-793B-4AD4-9D30-BC22ADA27F4F}.Release|Any CPU.ActiveCfg = Release|Any CPU
		{A7548255-793B-4AD4-9D30-BC22ADA27F4F}.Release|Any CPU.Build.0 = Release|Any CPU
	EndGlobalSection
	GlobalSection(SolutionProperties) = preSolution
		HideSolutionNode = FALSE
	EndGlobalSection
	GlobalSection(ExtensibilityGlobals) = postSolution
		SolutionGuid = {02B3F234-EF46-498A-8E39-E4CC41E886AF}
	EndGlobalSection
EndGlobal
