
Microsoft Visual Studio Solution File, Format Version 12.00
# Visual Studio Version 17
VisualStudioVersion = 17.14.36414.22
MinimumVisualStudioVersion = 10.0.40219.1
Project("{FAE04EC0-301F-11D3-BF4B-00C04F79EFBC}") = "DataAccessLibrary", "DataAccessLibrary\DataAccessLibrary.csproj", "{A7548255-793B-4AD4-9D30-BC22ADA27F4F}"
EndProject
Project("{FAE04EC0-301F-11D3-BF4B-00C04F79EFBC}") = "DatabaseAPI", "DatabaseAPI\DatabaseAPI.csproj", "{B7158937-0CEA-32B4-5933-9000F9538834}"
EndProject
Project("{FAE04EC0-301F-11D3-BF4B-00C04F79EFBC}") = "TestLibrary", "TestLibrary\TestLibrary.csproj", "{3B3D8B09-5EEB-EC58-D5FF-4D96C3A383C6}"
EndProject
Project("{FAE04EC0-301F-11D3-BF4B-00C04F79EFBC}") = "ApiClient", "ApiClient\ApiClient.csproj", "{50882DD4-239F-447D-957C-515BAFE3E9FD}"
EndProject
Project("{FAE04EC0-301F-11D3-BF4B-00C04F79EFBC}") = "WebClient", "WebClient\WebClient.csproj", "{220F62A6-3D0C-C858-0A01-9CC6DF3BB829}"
EndProject
Global
	GlobalSection(SolutionConfigurationPlatforms) = preSolution
		Debug|Any CPU = Debug|Any CPU
		Release|Any CPU = Release|Any CPU
	EndGlobalSection
	GlobalSection(ProjectConfigurationPlatforms) = postSolution
		{A7548255-793B-4AD4-9D30-BC22ADA27F4F}.Debug|Any CPU.ActiveCfg = Debug|Any CPU
		{A7548255-793B-4AD4-9D30-BC22ADA27F4F}.Debug|Any CPU.Build.0 = Debug|Any CPU
		{A7548255-793B-4AD4-9D30-BC22ADA27F4F}.Release|Any CPU.ActiveCfg = Release|Any CPU
		{A7548255-793B-4AD4-9D30-BC22ADA27F4F}.Release|Any CPU.Build.0 = Release|Any CPU
		{B7158937-0CEA-32B4-5933-9000F9538834}.Debug|Any CPU.ActiveCfg = Debug|Any CPU
		{B7158937-0CEA-32B4-5933-9000F9538834}.Debug|Any CPU.Build.0 = Debug|Any CPU
		{B7158937-0CEA-32B4-5933-9000F9538834}.Release|Any CPU.ActiveCfg = Release|Any CPU
		{B7158937-0CEA-32B4-5933-9000F9538834}.Release|Any CPU.Build.0 = Release|Any CPU
		{3B3D8B09-5EEB-EC58-D5FF-4D96C3A383C6}.Debug|Any CPU.ActiveCfg = Debug|Any CPU
		{3B3D8B09-5EEB-EC58-D5FF-4D96C3A383C6}.Debug|Any CPU.Build.0 = Debug|Any CPU
		{3B3D8B09-5EEB-EC58-D5FF-4D96C3A383C6}.Release|Any CPU.ActiveCfg = Release|Any CPU
		{3B3D8B09-5EEB-EC58-D5FF-4D96C3A383C6}.Release|Any CPU.Build.0 = Release|Any CPU
		{50882DD4-239F-447D-957C-515BAFE3E9FD}.Debug|Any CPU.ActiveCfg = Debug|Any CPU
		{50882DD4-239F-447D-957C-515BAFE3E9FD}.Debug|Any CPU.Build.0 = Debug|Any CPU
		{50882DD4-239F-447D-957C-515BAFE3E9FD}.Release|Any CPU.ActiveCfg = Release|Any CPU
		{50882DD4-239F-447D-957C-515BAFE3E9FD}.Release|Any CPU.Build.0 = Release|Any CPU
		{220F62A6-3D0C-C858-0A01-9CC6DF3BB829}.Debug|Any CPU.ActiveCfg = Debug|Any CPU
		{220F62A6-3D0C-C858-0A01-9CC6DF3BB829}.Debug|Any CPU.Build.0 = Debug|Any CPU
		{220F62A6-3D0C-C858-0A01-9CC6DF3BB829}.Release|Any CPU.ActiveCfg = Release|Any CPU
		{220F62A6-3D0C-C858-0A01-9CC6DF3BB829}.Release|Any CPU.Build.0 = Release|Any CPU
	EndGlobalSection
	GlobalSection(SolutionProperties) = preSolution
		HideSolutionNode = FALSE
	EndGlobalSection
	GlobalSection(ExtensibilityGlobals) = postSolution
		SolutionGuid = {02B3F234-EF46-498A-8E39-E4CC41E886AF}
	EndGlobalSection
EndGlobal
